
Microsoft Visual Studio Solution File, Format Version 12.00
# Visual Studio Version 16
VisualStudioVersion = 16.0.30011.22
MinimumVisualStudioVersion = 10.0.40219.1
Project("{FAE04EC0-301F-11D3-BF4B-00C04F79EFBC}") = "Indexer", "Indexer\Indexer.csproj", "{CADA5E20-030F-41D1-A07C-7EE2C2711E61}"
EndProject
Global
	GlobalSection(SolutionConfigurationPlatforms) = preSolution
		Debug|Any CPU = Debug|Any CPU
		Release|Any CPU = Release|Any CPU
	EndGlobalSection
	GlobalSection(ProjectConfigurationPlatforms) = postSolution
		{CADA5E20-030F-41D1-A07C-7EE2C2711E61}.Debug|Any CPU.ActiveCfg = Debug|Any CPU
		{CADA5E20-030F-41D1-A07C-7EE2C2711E61}.Debug|Any CPU.Build.0 = Debug|Any CPU
		{CADA5E20-030F-41D1-A07C-7EE2C2711E61}.Release|Any CPU.ActiveCfg = Release|Any CPU
		{CADA5E20-030F-41D1-A07C-7EE2C2711E61}.Release|Any CPU.Build.0 = Release|Any CPU
	EndGlobalSection
	GlobalSection(SolutionProperties) = preSolution
		HideSolutionNode = FALSE
	EndGlobalSection
	GlobalSection(ExtensibilityGlobals) = postSolution
		SolutionGuid = {F4A3C145-3EE7-4DA9-87C7-E502049CA867}
	EndGlobalSection
EndGlobal
