
Microsoft Visual Studio Solution File, Format Version 12.00
# Visual Studio Version 16
VisualStudioVersion = 16.0.30011.22
MinimumVisualStudioVersion = 10.0.40219.1
Project("{FAE04EC0-301F-11D3-BF4B-00C04F79EFBC}") = "Constructors and Inheritance", "Constructors and Inheritance\Constructors and Inheritance.csproj", "{0109AA8F-7690-46C2-AF82-61E84840B003}"
EndProject
Global
	GlobalSection(SolutionConfigurationPlatforms) = preSolution
		Debug|Any CPU = Debug|Any CPU
		Release|Any CPU = Release|Any CPU
	EndGlobalSection
	GlobalSection(ProjectConfigurationPlatforms) = postSolution
		{0109AA8F-7690-46C2-AF82-61E84840B003}.Debug|Any CPU.ActiveCfg = Debug|Any CPU
		{0109AA8F-7690-46C2-AF82-61E84840B003}.Debug|Any CPU.Build.0 = Debug|Any CPU
		{0109AA8F-7690-46C2-AF82-61E84840B003}.Release|Any CPU.ActiveCfg = Release|Any CPU
		{0109AA8F-7690-46C2-AF82-61E84840B003}.Release|Any CPU.Build.0 = Release|Any CPU
	EndGlobalSection
	GlobalSection(SolutionProperties) = preSolution
		HideSolutionNode = FALSE
	EndGlobalSection
	GlobalSection(ExtensibilityGlobals) = postSolution
		SolutionGuid = {6C3C1AC9-3CB8-400F-B381-1F41BCE9476A}
	EndGlobalSection
EndGlobal
