
Microsoft Visual Studio Solution File, Format Version 12.00
# Visual Studio Version 16
VisualStudioVersion = 16.0.30011.22
MinimumVisualStudioVersion = 10.0.40219.1
Project("{FAE04EC0-301F-11D3-BF4B-00C04F79EFBC}") = "Access Modifiers", "Access Modifiers\Access Modifiers.csproj", "{44D0BBD6-6052-4C2E-926C-D114304A4F20}"
EndProject
Global
	GlobalSection(SolutionConfigurationPlatforms) = preSolution
		Debug|Any CPU = Debug|Any CPU
		Release|Any CPU = Release|Any CPU
	EndGlobalSection
	GlobalSection(ProjectConfigurationPlatforms) = postSolution
		{44D0BBD6-6052-4C2E-926C-D114304A4F20}.Debug|Any CPU.ActiveCfg = Debug|Any CPU
		{44D0BBD6-6052-4C2E-926C-D114304A4F20}.Debug|Any CPU.Build.0 = Debug|Any CPU
		{44D0BBD6-6052-4C2E-926C-D114304A4F20}.Release|Any CPU.ActiveCfg = Release|Any CPU
		{44D0BBD6-6052-4C2E-926C-D114304A4F20}.Release|Any CPU.Build.0 = Release|Any CPU
	EndGlobalSection
	GlobalSection(SolutionProperties) = preSolution
		HideSolutionNode = FALSE
	EndGlobalSection
	GlobalSection(ExtensibilityGlobals) = postSolution
		SolutionGuid = {5840A16B-8050-4EDE-8154-C4C75C69669F}
	EndGlobalSection
EndGlobal
